
Microsoft Visual Studio Solution File, Format Version 12.00
# Visual Studio Version 17
VisualStudioVersion = 17.6.33815.320
MinimumVisualStudioVersion = 10.0.40219.1
Project("{FAE04EC0-301F-11D3-BF4B-00C04F79EFBC}") = "WinFormsApp1", "WinFormsApp1.csproj", "{FE890C3E-33ED-44D9-BD80-FC36149D3F6D}"
EndProject
Global
	GlobalSection(SolutionConfigurationPlatforms) = preSolution
		Debug|Any CPU = Debug|Any CPU
		Release|Any CPU = Release|Any CPU
	EndGlobalSection
	GlobalSection(ProjectConfigurationPlatforms) = postSolution
		{FE890C3E-33ED-44D9-BD80-FC36149D3F6D}.Debug|Any CPU.ActiveCfg = Debug|Any CPU
		{FE890C3E-33ED-44D9-BD80-FC36149D3F6D}.Debug|Any CPU.Build.0 = Debug|Any CPU
		{FE890C3E-33ED-44D9-BD80-FC36149D3F6D}.Release|Any CPU.ActiveCfg = Release|Any CPU
		{FE890C3E-33ED-44D9-BD80-FC36149D3F6D}.Release|Any CPU.Build.0 = Release|Any CPU
	EndGlobalSection
	GlobalSection(SolutionProperties) = preSolution
		HideSolutionNode = FALSE
	EndGlobalSection
	GlobalSection(ExtensibilityGlobals) = postSolution
		SolutionGuid = {6139EDB3-CB46-4C5A-8FCD-5B6B35CD7D14}
	EndGlobalSection
EndGlobal
